Microsoft Visual Studio Solution File, Format Version 12.00
# Visual Studio Version 17
VisualStudioVersion = 17.8.34309.116
MinimumVisualStudioVersion = 10.0.40219.1
Project("{9A19103F-16F7-4668-BE54-9A1E7A4F7556}") = "SolarSharp.Cli", "SolarSharp.CLI\SolarSharp.Cli.csproj", "{2A4BD262-D6EB-4611-A28B-27B6DAEB089B}"
EndProject
Project("{9A19103F-16F7-4668-BE54-9A1E7A4F7556}") = "SolarSharp.Interpreter", "SolarSharp.Interpreter\SolarSharp.Interpreter.csproj", "{91EA9B9D-FE03-4273-BDAF-8AD42EDE1E59}"
EndProject
Project("{9A19103F-16F7-4668-BE54-9A1E7A4F7556}") = "SolarSharp.Interpreter.Tests", "SolarSharp.Interpreter.Tests\SolarSharp.Interpreter.Tests.csproj", "{4AD350E6-E296-43EF-9FEA-CB70358467E4}"
EndProject
Project("{2150E333-8FDC-42A3-9474-1A3956D46DE8}") = "Solution Items", "Solution Items", "{E69163CA-CA9B-4B8E-8CCE-E68E2BA1E665}"
	ProjectSection(SolutionItems) = preProject
		.editorconfig = .editorconfig
		LICENSE = LICENSE
		README.md = README.md
	EndProjectSection
EndProject
Project("{9A19103F-16F7-4668-BE54-9A1E7A4F7556}") = "Benchmark", "Benchmark\Benchmark.csproj", "{E857EA60-CCA3-4942-8F6E-0492EBE6DEFD}"
EndProject
Project("{FAE04EC0-301F-11D3-BF4B-00C04F79EFBC}") = "Profiler", "Profiler\Profiler.csproj", "{C809F605-9C69-43CD-9738-25A87ADD9F36}"
EndProject
Project("{FAE04EC0-301F-11D3-BF4B-00C04F79EFBC}") = "InternalAnalyzers", "InternalAnalyzers\InternalAnalyzers.csproj", "{3614E6A8-AFB9-4E5C-9328-BD4A7CFFBFDD}"
EndProject
Global
	GlobalSection(SolutionConfigurationPlatforms) = preSolution
		Debug|Any CPU = Debug|Any CPU
		Release|Any CPU = Release|Any CPU
	EndGlobalSection
	GlobalSection(ProjectConfigurationPlatforms) = postSolution
		{2A4BD262-D6EB-4611-A28B-27B6DAEB089B}.Debug|Any CPU.ActiveCfg = Debug|Any CPU
		{2A4BD262-D6EB-4611-A28B-27B6DAEB089B}.Debug|Any CPU.Build.0 = Debug|Any CPU
		{2A4BD262-D6EB-4611-A28B-27B6DAEB089B}.Release|Any CPU.ActiveCfg = Release|Any CPU
		{2A4BD262-D6EB-4611-A28B-27B6DAEB089B}.Release|Any CPU.Build.0 = Release|Any CPU
		{91EA9B9D-FE03-4273-BDAF-8AD42EDE1E59}.Debug|Any CPU.ActiveCfg = Debug|Any CPU
		{91EA9B9D-FE03-4273-BDAF-8AD42EDE1E59}.Debug|Any CPU.Build.0 = Debug|Any CPU
		{91EA9B9D-FE03-4273-BDAF-8AD42EDE1E59}.Release|Any CPU.ActiveCfg = Release|Any CPU
		{91EA9B9D-FE03-4273-BDAF-8AD42EDE1E59}.Release|Any CPU.Build.0 = Release|Any CPU
		{4AD350E6-E296-43EF-9FEA-CB70358467E4}.Debug|Any CPU.ActiveCfg = Debug|Any CPU
		{4AD350E6-E296-43EF-9FEA-CB70358467E4}.Debug|Any CPU.Build.0 = Debug|Any CPU
		{4AD350E6-E296-43EF-9FEA-CB70358467E4}.Release|Any CPU.ActiveCfg = Release|Any CPU
		{4AD350E6-E296-43EF-9FEA-CB70358467E4}.Release|Any CPU.Build.0 = Release|Any CPU
		{E857EA60-CCA3-4942-8F6E-0492EBE6DEFD}.Debug|Any CPU.ActiveCfg = Debug|Any CPU
		{E857EA60-CCA3-4942-8F6E-0492EBE6DEFD}.Debug|Any CPU.Build.0 = Debug|Any CPU
		{E857EA60-CCA3-4942-8F6E-0492EBE6DEFD}.Release|Any CPU.ActiveCfg = Release|Any CPU
		{E857EA60-CCA3-4942-8F6E-0492EBE6DEFD}.Release|Any CPU.Build.0 = Release|Any CPU
		{C809F605-9C69-43CD-9738-25A87ADD9F36}.Debug|Any CPU.ActiveCfg = Debug|Any CPU
		{C809F605-9C69-43CD-9738-25A87ADD9F36}.Debug|Any CPU.Build.0 = Debug|Any CPU
		{C809F605-9C69-43CD-9738-25A87ADD9F36}.Release|Any CPU.ActiveCfg = Release|Any CPU
		{C809F605-9C69-43CD-9738-25A87ADD9F36}.Release|Any CPU.Build.0 = Release|Any CPU
		{3614E6A8-AFB9-4E5C-9328-BD4A7CFFBFDD}.Debug|Any CPU.ActiveCfg = Debug|Any CPU
		{3614E6A8-AFB9-4E5C-9328-BD4A7CFFBFDD}.Debug|Any CPU.Build.0 = Debug|Any CPU
		{3614E6A8-AFB9-4E5C-9328-BD4A7CFFBFDD}.Release|Any CPU.ActiveCfg = Release|Any CPU
		{3614E6A8-AFB9-4E5C-9328-BD4A7CFFBFDD}.Release|Any CPU.Build.0 = Release|Any CPU
	EndGlobalSection
	GlobalSection(SolutionProperties) = preSolution
		HideSolutionNode = FALSE
	EndGlobalSection
	GlobalSection(ExtensibilityGlobals) = postSolution
		SolutionGuid = {4DECA5DE-CF5E-45A6-8A89-E1EE07F729AF}
	EndGlobalSection
EndGlobal
